{
  "name": "@rowi/rowi-dropdown",
  "version": "0.1.0",
  "lockfileVersion": 2,
  "requires": true,
  "packages": {
    "": {
      "name": "@rowi/rowi-dropdown",
      "version": "0.1.0",
      "license": "ISC",
      "dependencies": {
        "@rowi/rowi-element": "^0.1.0",
        "@rowi/rowi-overlay": "^0.1.0"
      }
    },
    "node_modules/@rowi/rowi-element": {
      "version": "0.1.0",
      "resolved": "https://registry.npmjs.org/@rowi/rowi-element/-/rowi-element-0.1.0.tgz",
      "integrity": "sha512-Btjd8s95Xuparvu4/YQ6ejZvhEoXy7Gd22VT7iZAGISLhIT9920Dwe9200cAhqi+2WdNhTFBAtibMR1fJSglKA=="
    },
    "node_modules/@rowi/rowi-overlay": {
      "version": "0.1.0",
      "resolved": "https://registry.npmjs.org/@rowi/rowi-overlay/-/rowi-overlay-0.1.0.tgz",
      "integrity": "sha512-1U0Ru7s6RdVTBiFcqg7WhVN8KPe4Kr1WanKb7TuuVXtc5eWGTDEFdnHvguLS0WlaEM6BwFOPPzM1dbqyRe3o6g==",
      "dependencies": {
        "@rowi/rowi-element": "^0.1.0"
      }
    }
  },
  "dependencies": {
    "@rowi/rowi-element": {
      "version": "0.1.0",
      "resolved": "https://registry.npmjs.org/@rowi/rowi-element/-/rowi-element-0.1.0.tgz",
      "integrity": "sha512-Btjd8s95Xuparvu4/YQ6ejZvhEoXy7Gd22VT7iZAGISLhIT9920Dwe9200cAhqi+2WdNhTFBAtibMR1fJSglKA=="
    },
    "@rowi/rowi-overlay": {
      "version": "0.1.0",
      "resolved": "https://registry.npmjs.org/@rowi/rowi-overlay/-/rowi-overlay-0.1.0.tgz",
      "integrity": "sha512-1U0Ru7s6RdVTBiFcqg7WhVN8KPe4Kr1WanKb7TuuVXtc5eWGTDEFdnHvguLS0WlaEM6BwFOPPzM1dbqyRe3o6g==",
      "requires": {
        "@rowi/rowi-element": "^0.1.0"
      }
    }
  }
}
